
Microsoft Visual Studio Solution File, Format Version 12.00
# Visual Studio Version 17
VisualStudioVersion = 17.5.33502.453
MinimumVisualStudioVersion = 10.0.40219.1
Project("{9A19103F-16F7-4668-BE54-9A1E7A4F7556}") = "WebApi", "WebApi\WebApi.csproj", "{1B4FF98F-FE29-4E76-A605-83309F8FBF4B}"
EndProject
Project("{9A19103F-16F7-4668-BE54-9A1E7A4F7556}") = "Entities", "Entities\Entities.csproj", "{DC5995F9-F4D9-4829-8131-F9F35536279B}"
EndProject
Project("{9A19103F-16F7-4668-BE54-9A1E7A4F7556}") = "Repositories", "Repositories\Repositories.csproj", "{FB087848-A034-4B5A-BA61-3FA24AE3EC90}"
EndProject
Project("{FAE04EC0-301F-11D3-BF4B-00C04F79EFBC}") = "Services", "Services\Services.csproj", "{4B8A593F-499F-4C5F-8FA2-1E2802D6CA3E}"
EndProject
Project("{FAE04EC0-301F-11D3-BF4B-00C04F79EFBC}") = "Presentation", "Presentation\Presentation.csproj", "{6D978AF3-C7B7-4478-93DF-03F1CDB736D8}"
EndProject
Global
	GlobalSection(SolutionConfigurationPlatforms) = preSolution
		Debug|Any CPU = Debug|Any CPU
		Release|Any CPU = Release|Any CPU
	EndGlobalSection
	GlobalSection(ProjectConfigurationPlatforms) = postSolution
		{1B4FF98F-FE29-4E76-A605-83309F8FBF4B}.Debug|Any CPU.ActiveCfg = Debug|Any CPU
		{1B4FF98F-FE29-4E76-A605-83309F8FBF4B}.Debug|Any CPU.Build.0 = Debug|Any CPU
		{1B4FF98F-FE29-4E76-A605-83309F8FBF4B}.Release|Any CPU.ActiveCfg = Release|Any CPU
		{1B4FF98F-FE29-4E76-A605-83309F8FBF4B}.Release|Any CPU.Build.0 = Release|Any CPU
		{DC5995F9-F4D9-4829-8131-F9F35536279B}.Debug|Any CPU.ActiveCfg = Debug|Any CPU
		{DC5995F9-F4D9-4829-8131-F9F35536279B}.Debug|Any CPU.Build.0 = Debug|Any CPU
		{DC5995F9-F4D9-4829-8131-F9F35536279B}.Release|Any CPU.ActiveCfg = Release|Any CPU
		{DC5995F9-F4D9-4829-8131-F9F35536279B}.Release|Any CPU.Build.0 = Release|Any CPU
		{FB087848-A034-4B5A-BA61-3FA24AE3EC90}.Debug|Any CPU.ActiveCfg = Debug|Any CPU
		{FB087848-A034-4B5A-BA61-3FA24AE3EC90}.Debug|Any CPU.Build.0 = Debug|Any CPU
		{FB087848-A034-4B5A-BA61-3FA24AE3EC90}.Release|Any CPU.ActiveCfg = Release|Any CPU
		{FB087848-A034-4B5A-BA61-3FA24AE3EC90}.Release|Any CPU.Build.0 = Release|Any CPU
		{4B8A593F-499F-4C5F-8FA2-1E2802D6CA3E}.Debug|Any CPU.ActiveCfg = Debug|Any CPU
		{4B8A593F-499F-4C5F-8FA2-1E2802D6CA3E}.Debug|Any CPU.Build.0 = Debug|Any CPU
		{4B8A593F-499F-4C5F-8FA2-1E2802D6CA3E}.Release|Any CPU.ActiveCfg = Release|Any CPU
		{4B8A593F-499F-4C5F-8FA2-1E2802D6CA3E}.Release|Any CPU.Build.0 = Release|Any CPU
		{6D978AF3-C7B7-4478-93DF-03F1CDB736D8}.Debug|Any CPU.ActiveCfg = Debug|Any CPU
		{6D978AF3-C7B7-4478-93DF-03F1CDB736D8}.Debug|Any CPU.Build.0 = Debug|Any CPU
		{6D978AF3-C7B7-4478-93DF-03F1CDB736D8}.Release|Any CPU.ActiveCfg = Release|Any CPU
		{6D978AF3-C7B7-4478-93DF-03F1CDB736D8}.Release|Any CPU.Build.0 = Release|Any CPU
	EndGlobalSection
	GlobalSection(SolutionProperties) = preSolution
		HideSolutionNode = FALSE
	EndGlobalSection
	GlobalSection(ExtensibilityGlobals) = postSolution
		SolutionGuid = {6D49693A-67DC-456C-B85A-865FE3519D3E}
	EndGlobalSection
EndGlobal
